
Microsoft Visual Studio Solution File, Format Version 12.00
# Visual Studio 2012
Project("{8BC9CEB8-8B4A-11D0-8D11-00A0C91BC942}") = "thanhdeptrai", "thanhdeptrai\thanhdeptrai.vcxproj", "{6014133D-2A4E-4D5F-A44F-775F75F2C28F}"
EndProject
Global
	GlobalSection(SolutionConfigurationPlatforms) = preSolution
		Debug|Win32 = Debug|Win32
		Release|Win32 = Release|Win32
	EndGlobalSection
	GlobalSection(ProjectConfigurationPlatforms) = postSolution
		{6014133D-2A4E-4D5F-A44F-775F75F2C28F}.Debug|Win32.ActiveCfg = Debug|Win32
		{6014133D-2A4E-4D5F-A44F-775F75F2C28F}.Debug|Win32.Build.0 = Debug|Win32
		{6014133D-2A4E-4D5F-A44F-775F75F2C28F}.Release|Win32.ActiveCfg = Release|Win32
		{6014133D-2A4E-4D5F-A44F-775F75F2C28F}.Release|Win32.Build.0 = Release|Win32
	EndGlobalSection
	GlobalSection(SolutionProperties) = preSolution
		HideSolutionNode = FALSE
	EndGlobalSection
EndGlobal
